
Microsoft Visual Studio Solution File, Format Version 12.00
# Visual Studio 15
VisualStudioVersion = 15.0.28307.329
MinimumVisualStudioVersion = 10.0.40219.1
Project("{FAE04EC0-301F-11D3-BF4B-00C04F79EFBC}") = "BilletLibrary", "BilletLibrary\BilletLibrary.csproj", "{DE9BC97D-E35E-4BCA-911C-758F9BDEC6AC}"
EndProject
Project("{FAE04EC0-301F-11D3-BF4B-00C04F79EFBC}") = "UnitTestBilletOpgave", "UnitTestBilletOpgave\UnitTestBilletOpgave.csproj", "{C57F26B3-E0C1-47C9-AE1A-6F7720FB7812}"
EndProject
Global
	GlobalSection(SolutionConfigurationPlatforms) = preSolution
		Debug|Any CPU = Debug|Any CPU
		Release|Any CPU = Release|Any CPU
	EndGlobalSection
	GlobalSection(ProjectConfigurationPlatforms) = postSolution
		{DE9BC97D-E35E-4BCA-911C-758F9BDEC6AC}.Debug|Any CPU.ActiveCfg = Debug|Any CPU
		{DE9BC97D-E35E-4BCA-911C-758F9BDEC6AC}.Debug|Any CPU.Build.0 = Debug|Any CPU
		{DE9BC97D-E35E-4BCA-911C-758F9BDEC6AC}.Release|Any CPU.ActiveCfg = Release|Any CPU
		{DE9BC97D-E35E-4BCA-911C-758F9BDEC6AC}.Release|Any CPU.Build.0 = Release|Any CPU
		{C57F26B3-E0C1-47C9-AE1A-6F7720FB7812}.Debug|Any CPU.ActiveCfg = Debug|Any CPU
		{C57F26B3-E0C1-47C9-AE1A-6F7720FB7812}.Debug|Any CPU.Build.0 = Debug|Any CPU
		{C57F26B3-E0C1-47C9-AE1A-6F7720FB7812}.Release|Any CPU.ActiveCfg = Release|Any CPU
		{C57F26B3-E0C1-47C9-AE1A-6F7720FB7812}.Release|Any CPU.Build.0 = Release|Any CPU
	EndGlobalSection
	GlobalSection(SolutionProperties) = preSolution
		HideSolutionNode = FALSE
	EndGlobalSection
	GlobalSection(ExtensibilityGlobals) = postSolution
		SolutionGuid = {21777820-6F6D-4251-95D5-427C18DBB049}
	EndGlobalSection
EndGlobal
